
Microsoft Visual Studio Solution File, Format Version 12.00
# Visual Studio Version 16
VisualStudioVersion = 16.0.29215.179
MinimumVisualStudioVersion = 10.0.40219.1
Project("{FAE04EC0-301F-11D3-BF4B-00C04F79EFBC}") = "HotelManagement", "HotelManagement.csproj", "{715AA5CB-3D8D-4BC2-84A1-CD9D1C64651F}"
EndProject
Global
	GlobalSection(SolutionConfigurationPlatforms) = preSolution
		Debug|Any CPU = Debug|Any CPU
		Release|Any CPU = Release|Any CPU
	EndGlobalSection
	GlobalSection(ProjectConfigurationPlatforms) = postSolution
		{715AA5CB-3D8D-4BC2-84A1-CD9D1C64651F}.Debug|Any CPU.ActiveCfg = Debug|Any CPU
		{715AA5CB-3D8D-4BC2-84A1-CD9D1C64651F}.Debug|Any CPU.Build.0 = Debug|Any CPU
		{715AA5CB-3D8D-4BC2-84A1-CD9D1C64651F}.Release|Any CPU.ActiveCfg = Release|Any CPU
		{715AA5CB-3D8D-4BC2-84A1-CD9D1C64651F}.Release|Any CPU.Build.0 = Release|Any CPU
	EndGlobalSection
	GlobalSection(SolutionProperties) = preSolution
		HideSolutionNode = FALSE
	EndGlobalSection
	GlobalSection(ExtensibilityGlobals) = postSolution
		SolutionGuid = {FF0D7791-6D28-48A1-8BA8-3CE5396F877B}
	EndGlobalSection
EndGlobal
